
Microsoft Visual Studio Solution File, Format Version 12.00
# Visual Studio Version 17
VisualStudioVersion = 17.10.35013.160
MinimumVisualStudioVersion = 10.0.40219.1
Project("{FAE04EC0-301F-11D3-BF4B-00C04F79EFBC}") = "Scriptor.Server", "Scriptor.Server\Scriptor.Server.csproj", "{B7756D7C-97D6-4B9F-90D9-CE17A5013EFC}"
EndProject
Project("{54A90642-561A-4BB1-A94E-469ADEE60C69}") = "scriptor.client", "scriptor.client\scriptor.client.esproj", "{DB524697-72A7-4C40-88B7-2C9580A6761B}"
EndProject
Global
	GlobalSection(SolutionConfigurationPlatforms) = preSolution
		Debug|Any CPU = Debug|Any CPU
		Release|Any CPU = Release|Any CPU
	EndGlobalSection
	GlobalSection(ProjectConfigurationPlatforms) = postSolution
		{B7756D7C-97D6-4B9F-90D9-CE17A5013EFC}.Debug|Any CPU.ActiveCfg = Debug|Any CPU
		{B7756D7C-97D6-4B9F-90D9-CE17A5013EFC}.Debug|Any CPU.Build.0 = Debug|Any CPU
		{B7756D7C-97D6-4B9F-90D9-CE17A5013EFC}.Release|Any CPU.ActiveCfg = Release|Any CPU
		{B7756D7C-97D6-4B9F-90D9-CE17A5013EFC}.Release|Any CPU.Build.0 = Release|Any CPU
		{DB524697-72A7-4C40-88B7-2C9580A6761B}.Debug|Any CPU.ActiveCfg = Debug|Any CPU
		{DB524697-72A7-4C40-88B7-2C9580A6761B}.Debug|Any CPU.Build.0 = Debug|Any CPU
		{DB524697-72A7-4C40-88B7-2C9580A6761B}.Debug|Any CPU.Deploy.0 = Debug|Any CPU
		{DB524697-72A7-4C40-88B7-2C9580A6761B}.Release|Any CPU.ActiveCfg = Release|Any CPU
		{DB524697-72A7-4C40-88B7-2C9580A6761B}.Release|Any CPU.Build.0 = Release|Any CPU
		{DB524697-72A7-4C40-88B7-2C9580A6761B}.Release|Any CPU.Deploy.0 = Release|Any CPU
	EndGlobalSection
	GlobalSection(SolutionProperties) = preSolution
		HideSolutionNode = FALSE
	EndGlobalSection
	GlobalSection(ExtensibilityGlobals) = postSolution
		SolutionGuid = {9BC54F02-7037-4439-94A6-A084B2BB9209}
	EndGlobalSection
EndGlobal
